
Microsoft Visual Studio Solution File, Format Version 12.00
# Visual Studio Version 17
VisualStudioVersion = 17.0.32112.339
MinimumVisualStudioVersion = 10.0.40219.1
Project("{2150E333-8FDC-42A3-9474-1A3956D46DE8}") = "src", "src", "{D789B1B2-073B-4609-948F-25C70148CDFB}"
EndProject
Project("{2150E333-8FDC-42A3-9474-1A3956D46DE8}") = "deployment", "deployment", "{9DCC70EA-2F8F-4895-B9AA-110A98D50C47}"
EndProject
Project("{E53339B2-1760-4266-BCC7-CA923CBCF16C}") = "docker-compose", "deployment\docker-compose\docker-compose.dcproj", "{A2D3AFB0-C7E0-4778-9D0A-DFCE0E24AF17}"
EndProject
Project("{2150E333-8FDC-42A3-9474-1A3956D46DE8}") = "kubernetes", "kubernetes", "{8BA50965-1742-4C74-8768-18B8E1F6707F}"
	ProjectSection(SolutionItems) = preProject
		deployment\kubernetes\eventstore+mongo.yaml = deployment\kubernetes\eventstore+mongo.yaml
		deployment\kubernetes\stand-alone.yaml = deployment\kubernetes\stand-alone.yaml
	EndProjectSection
EndProject
Project("{2150E333-8FDC-42A3-9474-1A3956D46DE8}") = "docs", "docs", "{40114B2A-998C-471F-93F0-9834DE4F6BD2}"
	ProjectSection(SolutionItems) = preProject
		CODE-OF-CONDUCT.md = CODE-OF-CONDUCT.md
		CONTRIBUTING.md = CONTRIBUTING.md
		GOVERNANCE.md = GOVERNANCE.md
		LICENSE = LICENSE
		MAINTAINERS.md = MAINTAINERS.md
		MAITAINER-GUIDELINES.md = MAITAINER-GUIDELINES.md
		OWNERS.md = OWNERS.md
		README.md = README.md
	EndProjectSection
EndProject
Project("{2150E333-8FDC-42A3-9474-1A3956D46DE8}") = "core", "core", "{3CC8DB0B-84BC-4DEE-BF37-525360FFF201}"
EndProject
Project("{9A19103F-16F7-4668-BE54-9A1E7A4F7556}") = "Synapse.Core", "src\core\Synapse.Core.csproj", "{905204D2-2CB7-4227-9007-68F0CD755DDC}"
EndProject
Project("{2150E333-8FDC-42A3-9474-1A3956D46DE8}") = "runner", "runner", "{02565E6F-64CD-4388-93C1-FC624200F7B3}"
EndProject
Project("{9A19103F-16F7-4668-BE54-9A1E7A4F7556}") = "Synapse.Runner", "src\runner\Synapse.Runner.csproj", "{BA2597E7-ECEB-473F-952C-50A506A22F35}"
EndProject
Project("{2150E333-8FDC-42A3-9474-1A3956D46DE8}") = "api", "api", "{5B177AF9-7412-4414-880B-CFC280C2A4DD}"
EndProject
Project("{2150E333-8FDC-42A3-9474-1A3956D46DE8}") = "server", "server", "{6F1394AA-5DD2-44A1-A0FD-41D601E46CCB}"
EndProject
Project("{2150E333-8FDC-42A3-9474-1A3956D46DE8}") = "client", "client", "{1EE177F3-64AB-4B2C-99CD-E9B5D94A89A9}"
EndProject
Global
	GlobalSection(SolutionConfigurationPlatforms) = preSolution
		Debug|Any CPU = Debug|Any CPU
		Debug|x86 = Debug|x86
		Release|Any CPU = Release|Any CPU
		Release|x86 = Release|x86
	EndGlobalSection
	GlobalSection(ProjectConfigurationPlatforms) = postSolution
		{A2D3AFB0-C7E0-4778-9D0A-DFCE0E24AF17}.Debug|Any CPU.ActiveCfg = Debug|Any CPU
		{A2D3AFB0-C7E0-4778-9D0A-DFCE0E24AF17}.Debug|Any CPU.Build.0 = Debug|Any CPU
		{A2D3AFB0-C7E0-4778-9D0A-DFCE0E24AF17}.Debug|x86.ActiveCfg = Debug|Any CPU
		{A2D3AFB0-C7E0-4778-9D0A-DFCE0E24AF17}.Debug|x86.Build.0 = Debug|Any CPU
		{A2D3AFB0-C7E0-4778-9D0A-DFCE0E24AF17}.Release|Any CPU.ActiveCfg = Release|Any CPU
		{A2D3AFB0-C7E0-4778-9D0A-DFCE0E24AF17}.Release|Any CPU.Build.0 = Release|Any CPU
		{A2D3AFB0-C7E0-4778-9D0A-DFCE0E24AF17}.Release|x86.ActiveCfg = Release|Any CPU
		{A2D3AFB0-C7E0-4778-9D0A-DFCE0E24AF17}.Release|x86.Build.0 = Release|Any CPU
		{905204D2-2CB7-4227-9007-68F0CD755DDC}.Debug|Any CPU.ActiveCfg = Debug|Any CPU
		{905204D2-2CB7-4227-9007-68F0CD755DDC}.Debug|Any CPU.Build.0 = Debug|Any CPU
		{905204D2-2CB7-4227-9007-68F0CD755DDC}.Debug|x86.ActiveCfg = Debug|Any CPU
		{905204D2-2CB7-4227-9007-68F0CD755DDC}.Debug|x86.Build.0 = Debug|Any CPU
		{905204D2-2CB7-4227-9007-68F0CD755DDC}.Release|Any CPU.ActiveCfg = Release|Any CPU
		{905204D2-2CB7-4227-9007-68F0CD755DDC}.Release|Any CPU.Build.0 = Release|Any CPU
		{905204D2-2CB7-4227-9007-68F0CD755DDC}.Release|x86.ActiveCfg = Release|Any CPU
		{905204D2-2CB7-4227-9007-68F0CD755DDC}.Release|x86.Build.0 = Release|Any CPU
		{BA2597E7-ECEB-473F-952C-50A506A22F35}.Debug|Any CPU.ActiveCfg = Debug|Any CPU
		{BA2597E7-ECEB-473F-952C-50A506A22F35}.Debug|Any CPU.Build.0 = Debug|Any CPU
		{BA2597E7-ECEB-473F-952C-50A506A22F35}.Debug|x86.ActiveCfg = Debug|Any CPU
		{BA2597E7-ECEB-473F-952C-50A506A22F35}.Debug|x86.Build.0 = Debug|Any CPU
		{BA2597E7-ECEB-473F-952C-50A506A22F35}.Release|Any CPU.ActiveCfg = Release|Any CPU
		{BA2597E7-ECEB-473F-952C-50A506A22F35}.Release|Any CPU.Build.0 = Release|Any CPU
		{BA2597E7-ECEB-473F-952C-50A506A22F35}.Release|x86.ActiveCfg = Release|Any CPU
		{BA2597E7-ECEB-473F-952C-50A506A22F35}.Release|x86.Build.0 = Release|Any CPU
	EndGlobalSection
	GlobalSection(SolutionProperties) = preSolution
		HideSolutionNode = FALSE
	EndGlobalSection
	GlobalSection(NestedProjects) = preSolution
		{A2D3AFB0-C7E0-4778-9D0A-DFCE0E24AF17} = {9DCC70EA-2F8F-4895-B9AA-110A98D50C47}
		{8BA50965-1742-4C74-8768-18B8E1F6707F} = {9DCC70EA-2F8F-4895-B9AA-110A98D50C47}
		{3CC8DB0B-84BC-4DEE-BF37-525360FFF201} = {D789B1B2-073B-4609-948F-25C70148CDFB}
		{905204D2-2CB7-4227-9007-68F0CD755DDC} = {3CC8DB0B-84BC-4DEE-BF37-525360FFF201}
		{02565E6F-64CD-4388-93C1-FC624200F7B3} = {D789B1B2-073B-4609-948F-25C70148CDFB}
		{BA2597E7-ECEB-473F-952C-50A506A22F35} = {02565E6F-64CD-4388-93C1-FC624200F7B3}
		{5B177AF9-7412-4414-880B-CFC280C2A4DD} = {D789B1B2-073B-4609-948F-25C70148CDFB}
		{6F1394AA-5DD2-44A1-A0FD-41D601E46CCB} = {5B177AF9-7412-4414-880B-CFC280C2A4DD}
		{1EE177F3-64AB-4B2C-99CD-E9B5D94A89A9} = {5B177AF9-7412-4414-880B-CFC280C2A4DD}
	EndGlobalSection
	GlobalSection(ExtensibilityGlobals) = postSolution
		SolutionGuid = {C1FCD70A-A848-4567-B59C-D7B076BC2F2E}
	EndGlobalSection
EndGlobal
