
Microsoft Visual Studio Solution File, Format Version 12.00
# Visual Studio Version 17
VisualStudioVersion = 17.0.32112.339
MinimumVisualStudioVersion = 10.0.40219.1
Project("{2150E333-8FDC-42A3-9474-1A3956D46DE8}") = "src", "src", "{D789B1B2-073B-4609-948F-25C70148CDFB}"
EndProject
Project("{2150E333-8FDC-42A3-9474-1A3956D46DE8}") = "deployment", "deployment", "{9DCC70EA-2F8F-4895-B9AA-110A98D50C47}"
EndProject
Project("{E53339B2-1760-4266-BCC7-CA923CBCF16C}") = "docker-compose", "deployment\docker-compose\docker-compose.dcproj", "{A2D3AFB0-C7E0-4778-9D0A-DFCE0E24AF17}"
EndProject
Project("{2150E333-8FDC-42A3-9474-1A3956D46DE8}") = "kubernetes", "kubernetes", "{8BA50965-1742-4C74-8768-18B8E1F6707F}"
	ProjectSection(SolutionItems) = preProject
		deployment\kubernetes\eventstore+mongo.yaml = deployment\kubernetes\eventstore+mongo.yaml
		deployment\kubernetes\stand-alone.yaml = deployment\kubernetes\stand-alone.yaml
	EndProjectSection
EndProject
Project("{2150E333-8FDC-42A3-9474-1A3956D46DE8}") = "docs", "docs", "{40114B2A-998C-471F-93F0-9834DE4F6BD2}"
	ProjectSection(SolutionItems) = preProject
		CODE-OF-CONDUCT.md = CODE-OF-CONDUCT.md
		CONTRIBUTING.md = CONTRIBUTING.md
		GOVERNANCE.md = GOVERNANCE.md
		LICENSE = LICENSE
		MAINTAINERS.md = MAINTAINERS.md
		MAITAINER-GUIDELINES.md = MAITAINER-GUIDELINES.md
		OWNERS.md = OWNERS.md
		README.md = README.md
	EndProjectSection
EndProject
Project("{2150E333-8FDC-42A3-9474-1A3956D46DE8}") = "core", "core", "{3CC8DB0B-84BC-4DEE-BF37-525360FFF201}"
EndProject
Project("{9A19103F-16F7-4668-BE54-9A1E7A4F7556}") = "Synapse.Core", "src\core\Synapse.Core.csproj", "{905204D2-2CB7-4227-9007-68F0CD755DDC}"
EndProject
Project("{2150E333-8FDC-42A3-9474-1A3956D46DE8}") = "api", "api", "{5B177AF9-7412-4414-880B-CFC280C2A4DD}"
EndProject
Project("{2150E333-8FDC-42A3-9474-1A3956D46DE8}") = "runtime", "runtime", "{FCD7FB36-5E98-4FD2-96CB-33721DF8A523}"
EndProject
Project("{2150E333-8FDC-42A3-9474-1A3956D46DE8}") = "core", "core", "{A657B5B7-2B69-4400-BBB4-1F531E9C0EBD}"
EndProject
Project("{9A19103F-16F7-4668-BE54-9A1E7A4F7556}") = "Synapse.Api.Core.Http", "src\api\core\http\Synapse.Api.Core.Http.csproj", "{85682236-3190-4E8B-ADBE-0D7019D30667}"
EndProject
Project("{2150E333-8FDC-42A3-9474-1A3956D46DE8}") = "http", "http", "{B68A6707-B874-4D5A-ABB2-C0E27A1AF2F5}"
EndProject
Project("{2150E333-8FDC-42A3-9474-1A3956D46DE8}") = "runtime", "runtime", "{F2F0601F-B12F-4496-99FB-C94A510046AE}"
EndProject
Project("{2150E333-8FDC-42A3-9474-1A3956D46DE8}") = "http", "http", "{0574FF6A-112B-4A7C-850D-2E9D67D83B71}"
EndProject
Project("{2150E333-8FDC-42A3-9474-1A3956D46DE8}") = "process-management", "process-management", "{EF90C3E0-17C6-473D-81F5-E5BF196C3B3F}"
EndProject
Project("{2150E333-8FDC-42A3-9474-1A3956D46DE8}") = "native", "native", "{25686D56-58F5-464B-95BD-D286079A6061}"
EndProject
Project("{2150E333-8FDC-42A3-9474-1A3956D46DE8}") = "docker", "docker", "{358B9074-3DE1-4277-BA3C-9B2B2315F36D}"
EndProject
Project("{2150E333-8FDC-42A3-9474-1A3956D46DE8}") = "kubernetes", "kubernetes", "{365E3B11-940D-4BA3-B851-3B44CF577E32}"
EndProject
Project("{2150E333-8FDC-42A3-9474-1A3956D46DE8}") = "abstractions", "abstractions", "{B9A8513C-8A9E-4A4E-AD3C-12C7CBA7F66F}"
EndProject
Project("{9A19103F-16F7-4668-BE54-9A1E7A4F7556}") = "Synapse.Runtime.ProcessManagement.Abstractions", "src\runtime\process-management\abstractions\Synapse.Runtime.ProcessManagement.Abstractions.csproj", "{49831987-1D7E-4DE9-8562-E8E0F7CF9098}"
EndProject
Project("{9A19103F-16F7-4668-BE54-9A1E7A4F7556}") = "Synapse.Runtime.ProcessManagement.Native", "src\runtime\process-management\native\Synapse.Runtime.ProcessManagement.Native.csproj", "{1EACFFC2-E701-4BB7-8546-7F15A0A641C7}"
EndProject
Project("{2150E333-8FDC-42A3-9474-1A3956D46DE8}") = "agent", "agent", "{4459ACBC-B8B9-432F-B3A8-4C0A0E327E50}"
EndProject
Project("{9A19103F-16F7-4668-BE54-9A1E7A4F7556}") = "Synapse.Runtime.Agent", "src\runtime\agent\Synapse.Runtime.Agent.csproj", "{5E578F78-9063-4A81-9CDD-7085A53CA641}"
EndProject
Project("{2150E333-8FDC-42A3-9474-1A3956D46DE8}") = "plugins", "plugins", "{9B52498A-89C1-4396-931A-D11A6D7E7AC9}"
EndProject
Project("{2150E333-8FDC-42A3-9474-1A3956D46DE8}") = "management", "management", "{FF13A50C-586A-4F29-A0DD-1AE21581D813}"
EndProject
Project("{2150E333-8FDC-42A3-9474-1A3956D46DE8}") = "sdk", "sdk", "{499E479F-3757-4009-AF70-251AF6CB59EE}"
EndProject
Project("{9A19103F-16F7-4668-BE54-9A1E7A4F7556}") = "Synapse.Plugins.Management", "src\plugins\management\Synapse.Plugins.Management.csproj", "{E1236A03-9E94-4982-8FB5-6D19D695B565}"
EndProject
Project("{9A19103F-16F7-4668-BE54-9A1E7A4F7556}") = "Synapse.Plugins.Sdk", "src\plugins\sdk\Synapse.Plugins.Sdk.csproj", "{922A993B-C3AA-4222-9974-8C4A1972F357}"
EndProject
Global
	GlobalSection(SolutionConfigurationPlatforms) = preSolution
		Debug|Any CPU = Debug|Any CPU
		Debug|x86 = Debug|x86
		Release|Any CPU = Release|Any CPU
		Release|x86 = Release|x86
	EndGlobalSection
	GlobalSection(ProjectConfigurationPlatforms) = postSolution
		{A2D3AFB0-C7E0-4778-9D0A-DFCE0E24AF17}.Debug|Any CPU.ActiveCfg = Debug|Any CPU
		{A2D3AFB0-C7E0-4778-9D0A-DFCE0E24AF17}.Debug|Any CPU.Build.0 = Debug|Any CPU
		{A2D3AFB0-C7E0-4778-9D0A-DFCE0E24AF17}.Debug|x86.ActiveCfg = Debug|Any CPU
		{A2D3AFB0-C7E0-4778-9D0A-DFCE0E24AF17}.Debug|x86.Build.0 = Debug|Any CPU
		{A2D3AFB0-C7E0-4778-9D0A-DFCE0E24AF17}.Release|Any CPU.ActiveCfg = Release|Any CPU
		{A2D3AFB0-C7E0-4778-9D0A-DFCE0E24AF17}.Release|Any CPU.Build.0 = Release|Any CPU
		{A2D3AFB0-C7E0-4778-9D0A-DFCE0E24AF17}.Release|x86.ActiveCfg = Release|Any CPU
		{A2D3AFB0-C7E0-4778-9D0A-DFCE0E24AF17}.Release|x86.Build.0 = Release|Any CPU
		{905204D2-2CB7-4227-9007-68F0CD755DDC}.Debug|Any CPU.ActiveCfg = Debug|Any CPU
		{905204D2-2CB7-4227-9007-68F0CD755DDC}.Debug|Any CPU.Build.0 = Debug|Any CPU
		{905204D2-2CB7-4227-9007-68F0CD755DDC}.Debug|x86.ActiveCfg = Debug|Any CPU
		{905204D2-2CB7-4227-9007-68F0CD755DDC}.Debug|x86.Build.0 = Debug|Any CPU
		{905204D2-2CB7-4227-9007-68F0CD755DDC}.Release|Any CPU.ActiveCfg = Release|Any CPU
		{905204D2-2CB7-4227-9007-68F0CD755DDC}.Release|Any CPU.Build.0 = Release|Any CPU
		{905204D2-2CB7-4227-9007-68F0CD755DDC}.Release|x86.ActiveCfg = Release|Any CPU
		{905204D2-2CB7-4227-9007-68F0CD755DDC}.Release|x86.Build.0 = Release|Any CPU
		{85682236-3190-4E8B-ADBE-0D7019D30667}.Debug|Any CPU.ActiveCfg = Debug|Any CPU
		{85682236-3190-4E8B-ADBE-0D7019D30667}.Debug|Any CPU.Build.0 = Debug|Any CPU
		{85682236-3190-4E8B-ADBE-0D7019D30667}.Debug|x86.ActiveCfg = Debug|Any CPU
		{85682236-3190-4E8B-ADBE-0D7019D30667}.Debug|x86.Build.0 = Debug|Any CPU
		{85682236-3190-4E8B-ADBE-0D7019D30667}.Release|Any CPU.ActiveCfg = Release|Any CPU
		{85682236-3190-4E8B-ADBE-0D7019D30667}.Release|Any CPU.Build.0 = Release|Any CPU
		{85682236-3190-4E8B-ADBE-0D7019D30667}.Release|x86.ActiveCfg = Release|Any CPU
		{85682236-3190-4E8B-ADBE-0D7019D30667}.Release|x86.Build.0 = Release|Any CPU
		{49831987-1D7E-4DE9-8562-E8E0F7CF9098}.Debug|Any CPU.ActiveCfg = Debug|Any CPU
		{49831987-1D7E-4DE9-8562-E8E0F7CF9098}.Debug|Any CPU.Build.0 = Debug|Any CPU
		{49831987-1D7E-4DE9-8562-E8E0F7CF9098}.Debug|x86.ActiveCfg = Debug|Any CPU
		{49831987-1D7E-4DE9-8562-E8E0F7CF9098}.Debug|x86.Build.0 = Debug|Any CPU
		{49831987-1D7E-4DE9-8562-E8E0F7CF9098}.Release|Any CPU.ActiveCfg = Release|Any CPU
		{49831987-1D7E-4DE9-8562-E8E0F7CF9098}.Release|Any CPU.Build.0 = Release|Any CPU
		{49831987-1D7E-4DE9-8562-E8E0F7CF9098}.Release|x86.ActiveCfg = Release|Any CPU
		{49831987-1D7E-4DE9-8562-E8E0F7CF9098}.Release|x86.Build.0 = Release|Any CPU
		{1EACFFC2-E701-4BB7-8546-7F15A0A641C7}.Debug|Any CPU.ActiveCfg = Debug|Any CPU
		{1EACFFC2-E701-4BB7-8546-7F15A0A641C7}.Debug|Any CPU.Build.0 = Debug|Any CPU
		{1EACFFC2-E701-4BB7-8546-7F15A0A641C7}.Debug|x86.ActiveCfg = Debug|Any CPU
		{1EACFFC2-E701-4BB7-8546-7F15A0A641C7}.Debug|x86.Build.0 = Debug|Any CPU
		{1EACFFC2-E701-4BB7-8546-7F15A0A641C7}.Release|Any CPU.ActiveCfg = Release|Any CPU
		{1EACFFC2-E701-4BB7-8546-7F15A0A641C7}.Release|Any CPU.Build.0 = Release|Any CPU
		{1EACFFC2-E701-4BB7-8546-7F15A0A641C7}.Release|x86.ActiveCfg = Release|Any CPU
		{1EACFFC2-E701-4BB7-8546-7F15A0A641C7}.Release|x86.Build.0 = Release|Any CPU
		{5E578F78-9063-4A81-9CDD-7085A53CA641}.Debug|Any CPU.ActiveCfg = Debug|Any CPU
		{5E578F78-9063-4A81-9CDD-7085A53CA641}.Debug|Any CPU.Build.0 = Debug|Any CPU
		{5E578F78-9063-4A81-9CDD-7085A53CA641}.Debug|x86.ActiveCfg = Debug|Any CPU
		{5E578F78-9063-4A81-9CDD-7085A53CA641}.Debug|x86.Build.0 = Debug|Any CPU
		{5E578F78-9063-4A81-9CDD-7085A53CA641}.Release|Any CPU.ActiveCfg = Release|Any CPU
		{5E578F78-9063-4A81-9CDD-7085A53CA641}.Release|Any CPU.Build.0 = Release|Any CPU
		{5E578F78-9063-4A81-9CDD-7085A53CA641}.Release|x86.ActiveCfg = Release|Any CPU
		{5E578F78-9063-4A81-9CDD-7085A53CA641}.Release|x86.Build.0 = Release|Any CPU
		{E1236A03-9E94-4982-8FB5-6D19D695B565}.Debug|Any CPU.ActiveCfg = Debug|Any CPU
		{E1236A03-9E94-4982-8FB5-6D19D695B565}.Debug|Any CPU.Build.0 = Debug|Any CPU
		{E1236A03-9E94-4982-8FB5-6D19D695B565}.Debug|x86.ActiveCfg = Debug|Any CPU
		{E1236A03-9E94-4982-8FB5-6D19D695B565}.Debug|x86.Build.0 = Debug|Any CPU
		{E1236A03-9E94-4982-8FB5-6D19D695B565}.Release|Any CPU.ActiveCfg = Release|Any CPU
		{E1236A03-9E94-4982-8FB5-6D19D695B565}.Release|Any CPU.Build.0 = Release|Any CPU
		{E1236A03-9E94-4982-8FB5-6D19D695B565}.Release|x86.ActiveCfg = Release|Any CPU
		{E1236A03-9E94-4982-8FB5-6D19D695B565}.Release|x86.Build.0 = Release|Any CPU
		{922A993B-C3AA-4222-9974-8C4A1972F357}.Debug|Any CPU.ActiveCfg = Debug|Any CPU
		{922A993B-C3AA-4222-9974-8C4A1972F357}.Debug|Any CPU.Build.0 = Debug|Any CPU
		{922A993B-C3AA-4222-9974-8C4A1972F357}.Debug|x86.ActiveCfg = Debug|Any CPU
		{922A993B-C3AA-4222-9974-8C4A1972F357}.Debug|x86.Build.0 = Debug|Any CPU
		{922A993B-C3AA-4222-9974-8C4A1972F357}.Release|Any CPU.ActiveCfg = Release|Any CPU
		{922A993B-C3AA-4222-9974-8C4A1972F357}.Release|Any CPU.Build.0 = Release|Any CPU
		{922A993B-C3AA-4222-9974-8C4A1972F357}.Release|x86.ActiveCfg = Release|Any CPU
		{922A993B-C3AA-4222-9974-8C4A1972F357}.Release|x86.Build.0 = Release|Any CPU
	EndGlobalSection
	GlobalSection(SolutionProperties) = preSolution
		HideSolutionNode = FALSE
	EndGlobalSection
	GlobalSection(NestedProjects) = preSolution
		{A2D3AFB0-C7E0-4778-9D0A-DFCE0E24AF17} = {9DCC70EA-2F8F-4895-B9AA-110A98D50C47}
		{8BA50965-1742-4C74-8768-18B8E1F6707F} = {9DCC70EA-2F8F-4895-B9AA-110A98D50C47}
		{3CC8DB0B-84BC-4DEE-BF37-525360FFF201} = {D789B1B2-073B-4609-948F-25C70148CDFB}
		{905204D2-2CB7-4227-9007-68F0CD755DDC} = {3CC8DB0B-84BC-4DEE-BF37-525360FFF201}
		{5B177AF9-7412-4414-880B-CFC280C2A4DD} = {D789B1B2-073B-4609-948F-25C70148CDFB}
		{FCD7FB36-5E98-4FD2-96CB-33721DF8A523} = {D789B1B2-073B-4609-948F-25C70148CDFB}
		{A657B5B7-2B69-4400-BBB4-1F531E9C0EBD} = {5B177AF9-7412-4414-880B-CFC280C2A4DD}
		{85682236-3190-4E8B-ADBE-0D7019D30667} = {B68A6707-B874-4D5A-ABB2-C0E27A1AF2F5}
		{B68A6707-B874-4D5A-ABB2-C0E27A1AF2F5} = {A657B5B7-2B69-4400-BBB4-1F531E9C0EBD}
		{F2F0601F-B12F-4496-99FB-C94A510046AE} = {5B177AF9-7412-4414-880B-CFC280C2A4DD}
		{0574FF6A-112B-4A7C-850D-2E9D67D83B71} = {F2F0601F-B12F-4496-99FB-C94A510046AE}
		{EF90C3E0-17C6-473D-81F5-E5BF196C3B3F} = {FCD7FB36-5E98-4FD2-96CB-33721DF8A523}
		{25686D56-58F5-464B-95BD-D286079A6061} = {EF90C3E0-17C6-473D-81F5-E5BF196C3B3F}
		{358B9074-3DE1-4277-BA3C-9B2B2315F36D} = {EF90C3E0-17C6-473D-81F5-E5BF196C3B3F}
		{365E3B11-940D-4BA3-B851-3B44CF577E32} = {EF90C3E0-17C6-473D-81F5-E5BF196C3B3F}
		{B9A8513C-8A9E-4A4E-AD3C-12C7CBA7F66F} = {EF90C3E0-17C6-473D-81F5-E5BF196C3B3F}
		{49831987-1D7E-4DE9-8562-E8E0F7CF9098} = {B9A8513C-8A9E-4A4E-AD3C-12C7CBA7F66F}
		{1EACFFC2-E701-4BB7-8546-7F15A0A641C7} = {25686D56-58F5-464B-95BD-D286079A6061}
		{4459ACBC-B8B9-432F-B3A8-4C0A0E327E50} = {FCD7FB36-5E98-4FD2-96CB-33721DF8A523}
		{5E578F78-9063-4A81-9CDD-7085A53CA641} = {4459ACBC-B8B9-432F-B3A8-4C0A0E327E50}
		{9B52498A-89C1-4396-931A-D11A6D7E7AC9} = {D789B1B2-073B-4609-948F-25C70148CDFB}
		{FF13A50C-586A-4F29-A0DD-1AE21581D813} = {9B52498A-89C1-4396-931A-D11A6D7E7AC9}
		{499E479F-3757-4009-AF70-251AF6CB59EE} = {9B52498A-89C1-4396-931A-D11A6D7E7AC9}
		{E1236A03-9E94-4982-8FB5-6D19D695B565} = {FF13A50C-586A-4F29-A0DD-1AE21581D813}
		{922A993B-C3AA-4222-9974-8C4A1972F357} = {499E479F-3757-4009-AF70-251AF6CB59EE}
	EndGlobalSection
	GlobalSection(ExtensibilityGlobals) = postSolution
		SolutionGuid = {C1FCD70A-A848-4567-B59C-D7B076BC2F2E}
	EndGlobalSection
EndGlobal
